
Microsoft Visual Studio Solution File, Format Version 12.00
# Visual Studio Version 17
VisualStudioVersion = 17.7.34202.233
MinimumVisualStudioVersion = 10.0.40219.1
Project("{9A19103F-16F7-4668-BE54-9A1E7A4F7556}") = "Classes", "Classes\Classes.csproj", "{5BBF6E48-F69B-403A-9852-ADF48ADF8200}"
EndProject
Project("{FAE04EC0-301F-11D3-BF4B-00C04F79EFBC}") = "RecapDemo", "RecapDemo\RecapDemo.csproj", "{CA70A7DB-8AE3-4371-823A-7390F2B0303D}"
EndProject
Project("{FAE04EC0-301F-11D3-BF4B-00C04F79EFBC}") = "Interfaces", "Interfaces\Interfaces.csproj", "{4E36AF23-3FBC-476A-8814-91E0B92410F8}"
EndProject
Project("{FAE04EC0-301F-11D3-BF4B-00C04F79EFBC}") = "InterfacesDemo", "InterfacesDemo\InterfacesDemo.csproj", "{2EC0938F-9872-4911-A4FE-8FBEC5CD0B69}"
EndProject
Project("{FAE04EC0-301F-11D3-BF4B-00C04F79EFBC}") = "Inheritance", "Inheritance\Inheritance.csproj", "{E66A2C8B-7A16-40DA-86A7-5BA3FE801FF3}"
EndProject
Global
	GlobalSection(SolutionConfigurationPlatforms) = preSolution
		Debug|Any CPU = Debug|Any CPU
		Release|Any CPU = Release|Any CPU
	EndGlobalSection
	GlobalSection(ProjectConfigurationPlatforms) = postSolution
		{5BBF6E48-F69B-403A-9852-ADF48ADF8200}.Debug|Any CPU.ActiveCfg = Debug|Any CPU
		{5BBF6E48-F69B-403A-9852-ADF48ADF8200}.Debug|Any CPU.Build.0 = Debug|Any CPU
		{5BBF6E48-F69B-403A-9852-ADF48ADF8200}.Release|Any CPU.ActiveCfg = Release|Any CPU
		{5BBF6E48-F69B-403A-9852-ADF48ADF8200}.Release|Any CPU.Build.0 = Release|Any CPU
		{CA70A7DB-8AE3-4371-823A-7390F2B0303D}.Debug|Any CPU.ActiveCfg = Debug|Any CPU
		{CA70A7DB-8AE3-4371-823A-7390F2B0303D}.Debug|Any CPU.Build.0 = Debug|Any CPU
		{CA70A7DB-8AE3-4371-823A-7390F2B0303D}.Release|Any CPU.ActiveCfg = Release|Any CPU
		{CA70A7DB-8AE3-4371-823A-7390F2B0303D}.Release|Any CPU.Build.0 = Release|Any CPU
		{4E36AF23-3FBC-476A-8814-91E0B92410F8}.Debug|Any CPU.ActiveCfg = Debug|Any CPU
		{4E36AF23-3FBC-476A-8814-91E0B92410F8}.Debug|Any CPU.Build.0 = Debug|Any CPU
		{4E36AF23-3FBC-476A-8814-91E0B92410F8}.Release|Any CPU.ActiveCfg = Release|Any CPU
		{4E36AF23-3FBC-476A-8814-91E0B92410F8}.Release|Any CPU.Build.0 = Release|Any CPU
		{2EC0938F-9872-4911-A4FE-8FBEC5CD0B69}.Debug|Any CPU.ActiveCfg = Debug|Any CPU
		{2EC0938F-9872-4911-A4FE-8FBEC5CD0B69}.Debug|Any CPU.Build.0 = Debug|Any CPU
		{2EC0938F-9872-4911-A4FE-8FBEC5CD0B69}.Release|Any CPU.ActiveCfg = Release|Any CPU
		{2EC0938F-9872-4911-A4FE-8FBEC5CD0B69}.Release|Any CPU.Build.0 = Release|Any CPU
		{E66A2C8B-7A16-40DA-86A7-5BA3FE801FF3}.Debug|Any CPU.ActiveCfg = Debug|Any CPU
		{E66A2C8B-7A16-40DA-86A7-5BA3FE801FF3}.Debug|Any CPU.Build.0 = Debug|Any CPU
		{E66A2C8B-7A16-40DA-86A7-5BA3FE801FF3}.Release|Any CPU.ActiveCfg = Release|Any CPU
		{E66A2C8B-7A16-40DA-86A7-5BA3FE801FF3}.Release|Any CPU.Build.0 = Release|Any CPU
	EndGlobalSection
	GlobalSection(SolutionProperties) = preSolution
		HideSolutionNode = FALSE
	EndGlobalSection
	GlobalSection(ExtensibilityGlobals) = postSolution
		SolutionGuid = {A2141EBE-DC35-467E-90BC-47966B4E87ED}
	EndGlobalSection
EndGlobal
